
Microsoft Visual Studio Solution File, Format Version 12.00
# Visual Studio 2013
VisualStudioVersion = 12.0.40629.0
MinimumVisualStudioVersion = 10.0.40219.1
Project("{FAE04EC0-301F-11D3-BF4B-00C04F79EFBC}") = "BTSSWeb", "BTSSWeb\BTSSWeb.csproj", "{85758E5E-765B-449F-9989-D4019024BB89}"
EndProject
Project("{FAE04EC0-301F-11D3-BF4B-00C04F79EFBC}") = "BTSSWeb.Tests", "BTSSWeb.Tests\BTSSWeb.Tests.csproj", "{95A2F8D2-F9E8-4CE6-8545-248FD4E0CA4D}"
EndProject
Global
	GlobalSection(SolutionConfigurationPlatforms) = preSolution
		Debug|Any CPU = Debug|Any CPU
		Release|Any CPU = Release|Any CPU
	EndGlobalSection
	GlobalSection(ProjectConfigurationPlatforms) = postSolution
		{85758E5E-765B-449F-9989-D4019024BB89}.Debug|Any CPU.ActiveCfg = Debug|Any CPU
		{85758E5E-765B-449F-9989-D4019024BB89}.Debug|Any CPU.Build.0 = Debug|Any CPU
		{85758E5E-765B-449F-9989-D4019024BB89}.Release|Any CPU.ActiveCfg = Release|Any CPU
		{85758E5E-765B-449F-9989-D4019024BB89}.Release|Any CPU.Build.0 = Release|Any CPU
		{95A2F8D2-F9E8-4CE6-8545-248FD4E0CA4D}.Debug|Any CPU.ActiveCfg = Debug|Any CPU
		{95A2F8D2-F9E8-4CE6-8545-248FD4E0CA4D}.Debug|Any CPU.Build.0 = Debug|Any CPU
		{95A2F8D2-F9E8-4CE6-8545-248FD4E0CA4D}.Release|Any CPU.ActiveCfg = Release|Any CPU
		{95A2F8D2-F9E8-4CE6-8545-248FD4E0CA4D}.Release|Any CPU.Build.0 = Release|Any CPU
	EndGlobalSection
	GlobalSection(SolutionProperties) = preSolution
		HideSolutionNode = FALSE
	EndGlobalSection
EndGlobal
